{
  "name": "betspread",
  "version": "1.0.0",
  "lockfileVersion": 3,
  "requires": true,
  "packages": {
    "": {
      "name": "betspread",
      "version": "1.0.0",
      "dependencies": {
        "@supabase/supabase-js": "^2.43.0",
        "raw-body": "^2.5.2",
        "stripe": "^14.25.0"
      }
    },
    "node_modules/@supabase/supabase-js": {
      "version": "2.43.0",
      "resolved": "https://registry.npmjs.org/@supabase/supabase-js/-/supabase-js-2.43.0.tgz",
      "integrity": "sha512-YnmsHGePz5Zc16JpGj4ml6Sc3JZ6X3xaxWqf5XYfOcZo5aCWrk2wrm35yGLutq6LUG7Y1sCFF3g+iUZYHc1V4Q=="
    },
    "node_modules/raw-body": {
      "version": "2.5.2",
      "resolved": "https://registry.npmjs.org/raw-body/-/raw-body-2.5.2.tgz",
      "integrity": "sha512-8qfV6s5xWQm3Wm9dZfZ+S0h57XSlzQy6M4vZKzS2QqOmlh9dExiR9W9mD5Pf7k6C1cgq1q8vHj9X3qHjlHzYtw=="
    },
    "node_modules/stripe": {
      "version": "14.25.0",
      "resolved": "https://registry.npmjs.org/stripe/-/stripe-14.25.0.tgz",
      "integrity": "sha512-AYtxoDqlt+THTpQUchMG8T8ryH5fjxUfzKoMWPtwbc5w0gMQGOV8wt3khYq5QINoWgR8X8Hh0iO8NYpMoSmQRA=="
    }
  }
}
